# This is a Gradle generated file for dependency locking.
# Manual edits can break the build and are not advised.
# This file is expected to be part of source control.
at.yawk.lz4:lz4-java:1.10.1=runtimeClasspath
ch.qos.logback:logback-classic:1.5.38=compileClasspath,runtimeClasspath
ch.qos.logback:logback-core:1.5.38=compileClasspath,runtimeClasspath
com.fasterxml.jackson.core:jackson-core:2.21.5=compileClasspath,runtimeClasspath
com.fasterxml.jackson:jackson-bom:2.21.5=compileClasspath,runtimeClasspath
com.github.luben:zstd-jni:1.5.6-10=runtimeClasspath
com.google.protobuf:protobuf-java:3.23.4=runtimeClasspath
io.micrometer:micrometer-commons:1.12.13=compileClasspath,runtimeClasspath
io.micrometer:micrometer-core:1.12.13=compileClasspath,runtimeClasspath
io.micrometer:micrometer-observation:1.12.13=compileClasspath,runtimeClasspath
io.micrometer:micrometer-registry-datadog:1.12.0=compileClasspath,runtimeClasspath
io.micrometer:micrometer-registry-otlp:1.12.0=compileClasspath,runtimeClasspath
io.micrometer:micrometer-registry-prometheus:1.12.0=compileClasspath,runtimeClasspath
io.netty:netty-buffer:4.1.136.Final=compileClasspath,runtimeClasspath
io.netty:netty-codec-dns:4.1.136.Final=compileClasspath,runtimeClasspath
io.netty:netty-codec-http2:4.1.136.Final=compileClasspath,runtimeClasspath
io.netty:netty-codec-http:4.1.136.Final=compileClasspath,runtimeClasspath
io.netty:netty-codec-socks:4.1.136.Final=compileClasspath,runtimeClasspath
io.netty:netty-codec:4.1.136.Final=compileClasspath,runtimeClasspath
io.netty:netty-common:4.1.136.Final=compileClasspath,runtimeClasspath
io.netty:netty-handler-proxy:4.1.136.Final=compileClasspath,runtimeClasspath
io.netty:netty-handler:4.1.136.Final=compileClasspath,runtimeClasspath
io.netty:netty-resolver-dns:4.1.136.Final=compileClasspath,runtimeClasspath
io.netty:netty-resolver:4.1.136.Final=compileClasspath,runtimeClasspath
io.netty:netty-tcnative-classes:2.0.78.Final=compileClasspath,runtimeClasspath
io.netty:netty-transport-native-unix-common:4.1.136.Final=compileClasspath,runtimeClasspath
io.netty:netty-transport:4.1.136.Final=compileClasspath,runtimeClasspath
io.opentelemetry.proto:opentelemetry-proto:1.0.0-alpha=runtimeClasspath
io.prometheus:simpleclient:0.16.0=compileClasspath,runtimeClasspath
io.prometheus:simpleclient_common:0.16.0=compileClasspath,runtimeClasspath
io.prometheus:simpleclient_tracer_common:0.16.0=compileClasspath,runtimeClasspath
io.prometheus:simpleclient_tracer_otel:0.16.0=compileClasspath,runtimeClasspath
io.prometheus:simpleclient_tracer_otel_agent:0.16.0=compileClasspath,runtimeClasspath
io.vertx:vertx-auth-common:4.5.30=compileClasspath,runtimeClasspath
io.vertx:vertx-bridge-common:4.5.30=compileClasspath,runtimeClasspath
io.vertx:vertx-core:4.5.30=compileClasspath,runtimeClasspath
io.vertx:vertx-kafka-client:4.5.30=compileClasspath,runtimeClasspath
io.vertx:vertx-micrometer-metrics:4.5.30=compileClasspath,runtimeClasspath
io.vertx:vertx-stack-depchain:4.5.30=compileClasspath,runtimeClasspath
io.vertx:vertx-web-common:4.5.30=compileClasspath,runtimeClasspath
io.vertx:vertx-web:4.5.30=compileClasspath,runtimeClasspath
org.apache.kafka:kafka-clients:4.2.0=compileClasspath,runtimeClasspath
org.hdrhistogram:HdrHistogram:2.1.12=compileClasspath,runtimeClasspath
org.latencyutils:LatencyUtils:2.0.3=runtimeClasspath
org.slf4j:slf4j-api:2.0.17=compileClasspath,runtimeClasspath
org.xerial.snappy:snappy-java:1.1.10.7=runtimeClasspath
empty=
